
Microsoft Visual Studio Solution File, Format Version 12.00
# Visual Studio Version 17
VisualStudioVersion = 17.2.32630.192
MinimumVisualStudioVersion = 10.0.40219.1
Project("{FAE04EC0-301F-11D3-BF4B-00C04F79EFBC}") = "POC.StorageSAS.Api", "POC.StorageSAS.Api\POC.StorageSAS.Api.csproj", "{12799D78-CED8-4513-9A4D-C94F4B690F07}"
EndProject
Global
	GlobalSection(SolutionConfigurationPlatforms) = preSolution
		Debug|Any CPU = Debug|Any CPU
		Release|Any CPU = Release|Any CPU
	EndGlobalSection
	GlobalSection(ProjectConfigurationPlatforms) = postSolution
		{12799D78-CED8-4513-9A4D-C94F4B690F07}.Debug|Any CPU.ActiveCfg = Debug|Any CPU
		{12799D78-CED8-4513-9A4D-C94F4B690F07}.Debug|Any CPU.Build.0 = Debug|Any CPU
		{12799D78-CED8-4513-9A4D-C94F4B690F07}.Release|Any CPU.ActiveCfg = Release|Any CPU
		{12799D78-CED8-4513-9A4D-C94F4B690F07}.Release|Any CPU.Build.0 = Release|Any CPU
	EndGlobalSection
	GlobalSection(SolutionProperties) = preSolution
		HideSolutionNode = FALSE
	EndGlobalSection
	GlobalSection(ExtensibilityGlobals) = postSolution
		SolutionGuid = {44D47462-FFBB-45F8-81D1-BB1CE15C0494}
	EndGlobalSection
EndGlobal
